
Microsoft Visual Studio Solution File, Format Version 12.00
# Visual Studio Version 16
VisualStudioVersion = 16.0.31205.134
MinimumVisualStudioVersion = 10.0.40219.1
Project("{9A19103F-16F7-4668-BE54-9A1E7A4F7556}") = "FunctionApp", "FunctionApp.csproj", "{D3A57AB8-3B2F-4CAC-B694-FF46DA6C0354}"
EndProject
Global
	GlobalSection(SolutionConfigurationPlatforms) = preSolution
		Debug|Any CPU = Debug|Any CPU
		Release|Any CPU = Release|Any CPU
	EndGlobalSection
	GlobalSection(ProjectConfigurationPlatforms) = postSolution
		{D3A57AB8-3B2F-4CAC-B694-FF46DA6C0354}.Debug|Any CPU.ActiveCfg = Debug|Any CPU
		{D3A57AB8-3B2F-4CAC-B694-FF46DA6C0354}.Debug|Any CPU.Build.0 = Debug|Any CPU
		{D3A57AB8-3B2F-4CAC-B694-FF46DA6C0354}.Release|Any CPU.ActiveCfg = Release|Any CPU
		{D3A57AB8-3B2F-4CAC-B694-FF46DA6C0354}.Release|Any CPU.Build.0 = Release|Any CPU
	EndGlobalSection
	GlobalSection(SolutionProperties) = preSolution
		HideSolutionNode = FALSE
	EndGlobalSection
	GlobalSection(ExtensibilityGlobals) = postSolution
		SolutionGuid = {5F3E5A99-EE3C-45AC-BE55-524140839D53}
	EndGlobalSection
EndGlobal
